Microsoft Visual Studio Solution File, Format Version 12.00
# Visual Studio Version 17
VisualStudioVersion = 17.5.2.0
MinimumVisualStudioVersion = 10.0.40219.1
Project("{2150E333-8FDC-42A3-9474-1A3956D46DE8}") = "HTV_MindQuest", "HTV_MindQuest", "{EC7BCA45-3588-69D5-9E29-DA52C079C896}"
EndProject
Project("{FAE04EC0-301F-11D3-BF4B-00C04F79EFBC}") = "HTV_MindQuest", "HTV_MindQuest\HTV_MindQuest\HTV_MindQuest.csproj", "{5633F666-1DF6-D742-86F8-7912BCF4A90D}"
EndProject
Global
	GlobalSection(SolutionConfigurationPlatforms) = preSolution
		Debug|Any CPU = Debug|Any CPU
		Release|Any CPU = Release|Any CPU
	EndGlobalSection
	GlobalSection(ProjectConfigurationPlatforms) = postSolution
		{5633F666-1DF6-D742-86F8-7912BCF4A90D}.Debug|Any CPU.ActiveCfg = Debug|Any CPU
		{5633F666-1DF6-D742-86F8-7912BCF4A90D}.Debug|Any CPU.Build.0 = Debug|Any CPU
		{5633F666-1DF6-D742-86F8-7912BCF4A90D}.Release|Any CPU.ActiveCfg = Release|Any CPU
		{5633F666-1DF6-D742-86F8-7912BCF4A90D}.Release|Any CPU.Build.0 = Release|Any CPU
	EndGlobalSection
	GlobalSection(SolutionProperties) = preSolution
		HideSolutionNode = FALSE
	EndGlobalSection
	GlobalSection(NestedProjects) = preSolution
		{5633F666-1DF6-D742-86F8-7912BCF4A90D} = {EC7BCA45-3588-69D5-9E29-DA52C079C896}
	EndGlobalSection
	GlobalSection(ExtensibilityGlobals) = postSolution
		SolutionGuid = {41A33517-5F76-4475-B321-FC595C9BED19}
	EndGlobalSection
EndGlobal
